// !$*UTF8*$!
{
	archiveVersion = 1;
	classes = {
	};
	objectVersion = 50;
	objects = {

/* Begin PBXBuildFile section */
		01DDB4AD712591E304FA3188 /* libPods-CupixMADV360Demo_MADVPanoSource.a in Frameworks */ = {isa = PBXBuildFile; fileRef = 49FFDCA535B0D36F28FFB73B /* libPods-CupixMADV360Demo_MADVPanoSource.a */; };
		5221DC03217432B500F969D6 /* SettingsViewController.m in Sources */ = {isa = PBXBuildFile; fileRef = 5221DC02217432B500F969D6 /* SettingsViewController.m */; };
		5221DC04217432B500F969D6 /* SettingsViewController.m in Sources */ = {isa = PBXBuildFile; fileRef = 5221DC02217432B500F969D6 /* SettingsViewController.m */; };
		5221DC062174333100F969D6 /* SettingsViewController.swift in Sources */ = {isa = PBXBuildFile; fileRef = 5221DC052174333100F969D6 /* SettingsViewController.swift */; };
		526AECCC216C465D0083EE43 /* MADVPano.framework in Frameworks */ = {isa = PBXBuildFile; fileRef = BB3914BD20E237F300DC185D /* MADVPano.framework */; };
		BB39149C20E21D0E00DC185D /* AppDelegate.m in Sources */ = {isa = PBXBuildFile; fileRef = BB39149B20E21D0E00DC185D /* AppDelegate.m */; };
		BB39149F20E21D0E00DC185D /* CameraViewController.m in Sources */ = {isa = PBXBuildFile; fileRef = BB39149E20E21D0E00DC185D /* CameraViewController.m */; };
		BB3914A220E21D0E00DC185D /* LibraryViewController.m in Sources */ = {isa = PBXBuildFile; fileRef = BB3914A120E21D0E00DC185D /* LibraryViewController.m */; };
		BB3914A520E21D0E00DC185D /* Main.storyboard in Resources */ = {isa = PBXBuildFile; fileRef = BB3914A320E21D0E00DC185D /* Main.storyboard */; };
		BB3914A720E21D1100DC185D /* Assets.xcassets in Resources */ = {isa = PBXBuildFile; fileRef = BB3914A620E21D1100DC185D /* Assets.xcassets */; };
		BB3914AA20E21D1100DC185D /* LaunchScreen.storyboard in Resources */ = {isa = PBXBuildFile; fileRef = BB3914A820E21D1100DC185D /* LaunchScreen.storyboard */; };
		BB3914AD20E21D1100DC185D /* main.m in Sources */ = {isa = PBXBuildFile; fileRef = BB3914AC20E21D1100DC185D /* main.m */; };
		BB3914BE20E237F300DC185D /* MADVCamera.framework in Frameworks */ = {isa = PBXBuildFile; fileRef = BB3914BC20E237E000DC185D /* MADVCamera.framework */; };
		BB3914BF20E237F300DC185D /* MADVPano.framework in Frameworks */ = {isa = PBXBuildFile; fileRef = BB3914BD20E237F300DC185D /* MADVPano.framework */; };
		BB3914C120E2383600DC185D /* CoreVideo.framework in Frameworks */ = {isa = PBXBuildFile; fileRef = BB3914C020E2383600DC185D /* CoreVideo.framework */; };
		BB3914C320E2383B00DC185D /* AVFoundation.framework in Frameworks */ = {isa = PBXBuildFile; fileRef = BB3914C220E2383B00DC185D /* AVFoundation.framework */; };
		BB3914C520E2384100DC185D /* OpenGLES.framework in Frameworks */ = {isa = PBXBuildFile; fileRef = BB3914C420E2384100DC185D /* OpenGLES.framework */; };
		BB3914C720E2384900DC185D /* VideoToolbox.framework in Frameworks */ = {isa = PBXBuildFile; fileRef = BB3914C620E2384900DC185D /* VideoToolbox.framework */; };
		BB3914CB20E2386700DC185D /* AudioToolbox.framework in Frameworks */ = {isa = PBXBuildFile; fileRef = BB3914CA20E2386700DC185D /* AudioToolbox.framework */; };
		BB3914CD20E2387B00DC185D /* Photos.framework in Frameworks */ = {isa = PBXBuildFile; fileRef = BB3914CC20E2387A00DC185D /* Photos.framework */; };
		BB3914CF20E2388400DC185D /* CoreMedia.framework in Frameworks */ = {isa = PBXBuildFile; fileRef = BB3914CE20E2388300DC185D /* CoreMedia.framework */; };
		BB3914D120E2388A00DC185D /* Accelerate.framework in Frameworks */ = {isa = PBXBuildFile; fileRef = BB3914D020E2388A00DC185D /* Accelerate.framework */; };
		BB3914D320E2389500DC185D /* CoreMotion.framework in Frameworks */ = {isa = PBXBuildFile; fileRef = BB3914D220E2389500DC185D /* CoreMotion.framework */; };
		BB3914D520E2389B00DC185D /* libxml2.tbd in Frameworks */ = {isa = PBXBuildFile; fileRef = BB3914D420E2389B00DC185D /* libxml2.tbd */; };
		BB3914D720E238AE00DC185D /* libiconv.tbd in Frameworks */ = {isa = PBXBuildFile; fileRef = BB3914D620E238AD00DC185D /* libiconv.tbd */; };
		BB3914D920E238BA00DC185D /* CoreTelephony.framework in Frameworks */ = {isa = PBXBuildFile; fileRef = BB3914D820E238B900DC185D /* CoreTelephony.framework */; };
		BB3914DB20E238C100DC185D /* CoreLocation.framework in Frameworks */ = {isa = PBXBuildFile; fileRef = BB3914DA20E238C100DC185D /* CoreLocation.framework */; };
		BB3914DD20E238CF00DC185D /* MediaPlayer.framework in Frameworks */ = {isa = PBXBuildFile; fileRef = BB3914DC20E238CE00DC185D /* MediaPlayer.framework */; };
		BB3914DF20E238F100DC185D /* opencv2.framework in Frameworks */ = {isa = PBXBuildFile; fileRef = BB3914DE20E238F000DC185D /* opencv2.framework */; };
		BB3914E120E238FD00DC185D /* AssetsLibrary.framework in Frameworks */ = {isa = PBXBuildFile; fileRef = BB3914E020E238FD00DC185D /* AssetsLibrary.framework */; };
		BB3914E720E245E000DC185D /* test.jpg in Resources */ = {isa = PBXBuildFile; fileRef = BB3914E620E245E000DC185D /* test.jpg */; };
		BB62D8A0210AC5B4002B70C7 /* ImageViewController.m in Sources */ = {isa = PBXBuildFile; fileRef = BB62D89F210AC5B4002B70C7 /* ImageViewController.m */; };
		BB62D8A1210AC5B4002B70C7 /* ImageViewController.m in Sources */ = {isa = PBXBuildFile; fileRef = BB62D89F210AC5B4002B70C7 /* ImageViewController.m */; };
		BB6EE1D320E486B1006DBF81 /* UIView+HierachyExtensions.m in Sources */ = {isa = PBXBuildFile; fileRef = BB6EE1D220E486B0006DBF81 /* UIView+HierachyExtensions.m */; };
		BB6FF51C21072EA900CFC637 /* UIView+HierachyExtensions.m in Sources */ = {isa = PBXBuildFile; fileRef = BB6EE1D220E486B0006DBF81 /* UIView+HierachyExtensions.m */; };
		BB6FF51D21072EA900CFC637 /* LibraryViewController.m in Sources */ = {isa = PBXBuildFile; fileRef = BB3914A120E21D0E00DC185D /* LibraryViewController.m */; };
		BB6FF51E21072EA900CFC637 /* AppDelegate.m in Sources */ = {isa = PBXBuildFile; fileRef = BB39149B20E21D0E00DC185D /* AppDelegate.m */; };
		BB6FF51F21072EA900CFC637 /* main.m in Sources */ = {isa = PBXBuildFile; fileRef = BB3914AC20E21D1100DC185D /* main.m */; };
		BB6FF52021072EA900CFC637 /* CameraViewController.m in Sources */ = {isa = PBXBuildFile; fileRef = BB39149E20E21D0E00DC185D /* CameraViewController.m */; };
		BB6FF52221072EA900CFC637 /* AssetsLibrary.framework in Frameworks */ = {isa = PBXBuildFile; fileRef = BB3914E020E238FD00DC185D /* AssetsLibrary.framework */; };
		BB6FF52321072EA900CFC637 /* MediaPlayer.framework in Frameworks */ = {isa = PBXBuildFile; fileRef = BB3914DC20E238CE00DC185D /* MediaPlayer.framework */; };
		BB6FF52421072EA900CFC637 /* CoreLocation.framework in Frameworks */ = {isa = PBXBuildFile; fileRef = BB3914DA20E238C100DC185D /* CoreLocation.framework */; };
		BB6FF52521072EA900CFC637 /* CoreTelephony.framework in Frameworks */ = {isa = PBXBuildFile; fileRef = BB3914D820E238B900DC185D /* CoreTelephony.framework */; };
		BB6FF52621072EA900CFC637 /* libiconv.tbd in Frameworks */ = {isa = PBXBuildFile; fileRef = BB3914D620E238AD00DC185D /* libiconv.tbd */; };
		BB6FF52721072EA900CFC637 /* libxml2.tbd in Frameworks */ = {isa = PBXBuildFile; fileRef = BB3914D420E2389B00DC185D /* libxml2.tbd */; };
		BB6FF52821072EA900CFC637 /* CoreMotion.framework in Frameworks */ = {isa = PBXBuildFile; fileRef = BB3914D220E2389500DC185D /* CoreMotion.framework */; };
		BB6FF52921072EA900CFC637 /* Accelerate.framework in Frameworks */ = {isa = PBXBuildFile; fileRef = BB3914D020E2388A00DC185D /* Accelerate.framework */; };
		BB6FF52A21072EA900CFC637 /* CoreMedia.framework in Frameworks */ = {isa = PBXBuildFile; fileRef = BB3914CE20E2388300DC185D /* CoreMedia.framework */; };
		BB6FF52B21072EA900CFC637 /* Photos.framework in Frameworks */ = {isa = PBXBuildFile; fileRef = BB3914CC20E2387A00DC185D /* Photos.framework */; };
		BB6FF52C21072EA900CFC637 /* AudioToolbox.framework in Frameworks */ = {isa = PBXBuildFile; fileRef = BB3914CA20E2386700DC185D /* AudioToolbox.framework */; };
		BB6FF52D21072EA900CFC637 /* VideoToolbox.framework in Frameworks */ = {isa = PBXBuildFile; fileRef = BB3914C620E2384900DC185D /* VideoToolbox.framework */; };
		BB6FF52E21072EA900CFC637 /* OpenGLES.framework in Frameworks */ = {isa = PBXBuildFile; fileRef = BB3914C420E2384100DC185D /* OpenGLES.framework */; };
		BB6FF52F21072EA900CFC637 /* opencv2.framework in Frameworks */ = {isa = PBXBuildFile; fileRef = BB3914DE20E238F000DC185D /* opencv2.framework */; };
		BB6FF53021072EA900CFC637 /* AVFoundation.framework in Frameworks */ = {isa = PBXBuildFile; fileRef = BB3914C220E2383B00DC185D /* AVFoundation.framework */; };
		BB6FF53121072EA900CFC637 /* CoreVideo.framework in Frameworks */ = {isa = PBXBuildFile; fileRef = BB3914C020E2383600DC185D /* CoreVideo.framework */; };
		BB6FF53321072EA900CFC637 /* libPods-CupixMADV360Demo.a in Frameworks */ = {isa = PBXBuildFile; fileRef = A59C0C5C20FF79977520248A /* libPods-CupixMADV360Demo.a */; };
		BB6FF53621072EA900CFC637 /* test.jpg in Resources */ = {isa = PBXBuildFile; fileRef = BB3914E620E245E000DC185D /* test.jpg */; };
		BB6FF53721072EA900CFC637 /* LaunchScreen.storyboard in Resources */ = {isa = PBXBuildFile; fileRef = BB3914A820E21D1100DC185D /* LaunchScreen.storyboard */; };
		BB6FF53821072EA900CFC637 /* Assets.xcassets in Resources */ = {isa = PBXBuildFile; fileRef = BB3914A620E21D1100DC185D /* Assets.xcassets */; };
		BB6FF53921072EA900CFC637 /* Main.storyboard in Resources */ = {isa = PBXBuildFile; fileRef = BB3914A320E21D0E00DC185D /* Main.storyboard */; };
		BB6FFB5A210732F300CFC637 /* CupixMADV360Demo_MADVPanoSource-Info.plist in Resources */ = {isa = PBXBuildFile; fileRef = BB6FF54021072EA900CFC637 /* CupixMADV360Demo_MADVPanoSource-Info.plist */; };
		BB6FFBC221073D6700CFC637 /* libsqlite3.tbd in Frameworks */ = {isa = PBXBuildFile; fileRef = BB6FFBC121073D6700CFC637 /* libsqlite3.tbd */; };
		BB84896F2150A56400511AE6 /* ImageViewController.m in Sources */ = {isa = PBXBuildFile; fileRef = BB62D89F210AC5B4002B70C7 /* ImageViewController.m */; };
		BB8489712150A56400511AE6 /* UIView+HierachyExtensions.m in Sources */ = {isa = PBXBuildFile; fileRef = BB6EE1D220E486B0006DBF81 /* UIView+HierachyExtensions.m */; };
		BB8489722150A56400511AE6 /* LibraryViewController.m in Sources */ = {isa = PBXBuildFile; fileRef = BB3914A120E21D0E00DC185D /* LibraryViewController.m */; };
		BB8489772150A56400511AE6 /* AssetsLibrary.framework in Frameworks */ = {isa = PBXBuildFile; fileRef = BB3914E020E238FD00DC185D /* AssetsLibrary.framework */; };
		BB8489782150A56400511AE6 /* MediaPlayer.framework in Frameworks */ = {isa = PBXBuildFile; fileRef = BB3914DC20E238CE00DC185D /* MediaPlayer.framework */; };
		BB8489792150A56400511AE6 /* CoreLocation.framework in Frameworks */ = {isa = PBXBuildFile; fileRef = BB3914DA20E238C100DC185D /* CoreLocation.framework */; };
		BB84897A2150A56400511AE6 /* CoreTelephony.framework in Frameworks */ = {isa = PBXBuildFile; fileRef = BB3914D820E238B900DC185D /* CoreTelephony.framework */; };
		BB84897B2150A56400511AE6 /* libiconv.tbd in Frameworks */ = {isa = PBXBuildFile; fileRef = BB3914D620E238AD00DC185D /* libiconv.tbd */; };
		BB84897C2150A56400511AE6 /* libxml2.tbd in Frameworks */ = {isa = PBXBuildFile; fileRef = BB3914D420E2389B00DC185D /* libxml2.tbd */; };
		BB84897D2150A56400511AE6 /* CoreMotion.framework in Frameworks */ = {isa = PBXBuildFile; fileRef = BB3914D220E2389500DC185D /* CoreMotion.framework */; };
		BB84897E2150A56400511AE6 /* Accelerate.framework in Frameworks */ = {isa = PBXBuildFile; fileRef = BB3914D020E2388A00DC185D /* Accelerate.framework */; };
		BB84897F2150A56400511AE6 /* CoreMedia.framework in Frameworks */ = {isa = PBXBuildFile; fileRef = BB3914CE20E2388300DC185D /* CoreMedia.framework */; };
		BB8489802150A56400511AE6 /* Photos.framework in Frameworks */ = {isa = PBXBuildFile; fileRef = BB3914CC20E2387A00DC185D /* Photos.framework */; };
		BB8489812150A56400511AE6 /* AudioToolbox.framework in Frameworks */ = {isa = PBXBuildFile; fileRef = BB3914CA20E2386700DC185D /* AudioToolbox.framework */; };
		BB8489822150A56400511AE6 /* VideoToolbox.framework in Frameworks */ = {isa = PBXBuildFile; fileRef = BB3914C620E2384900DC185D /* VideoToolbox.framework */; };
		BB8489832150A56400511AE6 /* OpenGLES.framework in Frameworks */ = {isa = PBXBuildFile; fileRef = BB3914C420E2384100DC185D /* OpenGLES.framework */; };
		BB8489842150A56400511AE6 /* opencv2.framework in Frameworks */ = {isa = PBXBuildFile; fileRef = BB3914DE20E238F000DC185D /* opencv2.framework */; };
		BB8489852150A56400511AE6 /* AVFoundation.framework in Frameworks */ = {isa = PBXBuildFile; fileRef = BB3914C220E2383B00DC185D /* AVFoundation.framework */; };
		BB8489862150A56400511AE6 /* CoreVideo.framework in Frameworks */ = {isa = PBXBuildFile; fileRef = BB3914C020E2383600DC185D /* CoreVideo.framework */; };
		BB8489882150A56400511AE6 /* libPods-CupixMADV360Demo.a in Frameworks */ = {isa = PBXBuildFile; fileRef = A59C0C5C20FF79977520248A /* libPods-CupixMADV360Demo.a */; };
		BB8489892150A56400511AE6 /* MADVCamera.framework in Frameworks */ = {isa = PBXBuildFile; fileRef = BB3914BC20E237E000DC185D /* MADVCamera.framework */; };
		BB84898B2150A56400511AE6 /* test.jpg in Resources */ = {isa = PBXBuildFile; fileRef = BB3914E620E245E000DC185D /* test.jpg */; };
		BB84898C2150A56400511AE6 /* LaunchScreen.storyboard in Resources */ = {isa = PBXBuildFile; fileRef = BB3914A820E21D1100DC185D /* LaunchScreen.storyboard */; };
		BB84898D2150A56400511AE6 /* Assets.xcassets in Resources */ = {isa = PBXBuildFile; fileRef = BB3914A620E21D1100DC185D /* Assets.xcassets */; };
		BB84898E2150A56400511AE6 /* Main.storyboard in Resources */ = {isa = PBXBuildFile; fileRef = BB3914A320E21D0E00DC185D /* Main.storyboard */; };
		BBE5269B215E11D10032BBDA /* AppDelegate.swift in Sources */ = {isa = PBXBuildFile; fileRef = BBE5269A215E11D00032BBDA /* AppDelegate.swift */; };
		BBFBF743215E3AFF00EDA879 /* CameraViewController.swift in Sources */ = {isa = PBXBuildFile; fileRef = BBE52698215E0F900032BBDA /* CameraViewController.swift */; };
		D6A796EAA3F42006A4B49D81 /* libPods-CupixMADV360Demo.a in Frameworks */ = {isa = PBXBuildFile; fileRef = A59C0C5C20FF79977520248A /* libPods-CupixMADV360Demo.a */; };
/* End PBXBuildFile section */

/* Begin PBXFileReference section */
		0249543071E449CBBAD1A5E9 /* Pods-CupixMADV360Demo.release.xcconfig */ = {isa = PBXFileReference; includeInIndex = 1; lastKnownFileType = text.xcconfig; name = "Pods-CupixMADV360Demo.release.xcconfig"; path = "Pods/Target Support Files/Pods-CupixMADV360Demo/Pods-CupixMADV360Demo.release.xcconfig"; sourceTree = "<group>"; };
		1D8FAA74FB77FC68ED82ABE1 /* Pods-CupixMADV360Demo_MADVPanoSource.debug.xcconfig */ = {isa = PBXFileReference; includeInIndex = 1; lastKnownFileType = text.xcconfig; name = "Pods-CupixMADV360Demo_MADVPanoSource.debug.xcconfig"; path = "Pods/Target Support Files/Pods-CupixMADV360Demo_MADVPanoSource/Pods-CupixMADV360Demo_MADVPanoSource.debug.xcconfig"; sourceTree = "<group>"; };
		49FFDCA535B0D36F28FFB73B /* libPods-CupixMADV360Demo_MADVPanoSource.a */ = {isa = PBXFileReference; explicitFileType = archive.ar; includeInIndex = 0; path = "libPods-CupixMADV360Demo_MADVPanoSource.a"; sourceTree = BUILT_PRODUCTS_DIR; };
		5221DC01217432B500F969D6 /* SettingsViewController.h */ = {isa = PBXFileReference; lastKnownFileType = sourcecode.c.h; path = SettingsViewController.h; sourceTree = "<group>"; };
		5221DC02217432B500F969D6 /* SettingsViewController.m */ = {isa = PBXFileReference; lastKnownFileType = sourcecode.c.objc; path = SettingsViewController.m; sourceTree = "<group>"; };
		5221DC052174333100F969D6 /* SettingsViewController.swift */ = {isa = PBXFileReference; lastKnownFileType = sourcecode.swift; path = SettingsViewController.swift; sourceTree = "<group>"; };
		8BDBA4859DB4DEBC765D3F79 /* Pods-CupixMADV360Demo.debug.xcconfig */ = {isa = PBXFileReference; includeInIndex = 1; lastKnownFileType = text.xcconfig; name = "Pods-CupixMADV360Demo.debug.xcconfig"; path = "Pods/Target Support Files/Pods-CupixMADV360Demo/Pods-CupixMADV360Demo.debug.xcconfig"; sourceTree = "<group>"; };
		A59C0C5C20FF79977520248A /* libPods-CupixMADV360Demo.a */ = {isa = PBXFileReference; explicitFileType = archive.ar; includeInIndex = 0; path = "libPods-CupixMADV360Demo.a"; sourceTree = BUILT_PRODUCTS_DIR; };
		BB39149720E21D0E00DC185D /* CupixMADV360Demo.app */ = {isa = PBXFileReference; explicitFileType = wrapper.application; includeInIndex = 0; path = CupixMADV360Demo.app; sourceTree = BUILT_PRODUCTS_DIR; };
		BB39149A20E21D0E00DC185D /* AppDelegate.h */ = {isa = PBXFileReference; lastKnownFileType = sourcecode.c.h; path = AppDelegate.h; sourceTree = "<group>"; };
		BB39149B20E21D0E00DC185D /* AppDelegate.m */ = {isa = PBXFileReference; explicitFileType = sourcecode.cpp.objcpp; path = AppDelegate.m; sourceTree = "<group>"; };
		BB39149D20E21D0E00DC185D /* CameraViewController.h */ = {isa = PBXFileReference; lastKnownFileType = sourcecode.c.h; path = CameraViewController.h; sourceTree = "<group>"; };
		BB39149E20E21D0E00DC185D /* CameraViewController.m */ = {isa = PBXFileReference; explicitFileType = sourcecode.cpp.objcpp; path = CameraViewController.m; sourceTree = "<group>"; };
		BB3914A020E21D0E00DC185D /* LibraryViewController.h */ = {isa = PBXFileReference; lastKnownFileType = sourcecode.c.h; path = LibraryViewController.h; sourceTree = "<group>"; };
		BB3914A120E21D0E00DC185D /* LibraryViewController.m */ = {isa = PBXFileReference; explicitFileType = sourcecode.cpp.objcpp; path = LibraryViewController.m; sourceTree = "<group>"; };
		BB3914A420E21D0E00DC185D /* Base */ = {isa = PBXFileReference; lastKnownFileType = file.storyboard; name = Base; path = Base.lproj/Main.storyboard; sourceTree = "<group>"; };
		BB3914A620E21D1100DC185D /* Assets.xcassets */ = {isa = PBXFileReference; lastKnownFileType = folder.assetcatalog; path = Assets.xcassets; sourceTree = "<group>"; };
		BB3914A920E21D1100DC185D /* Base */ = {isa = PBXFileReference; lastKnownFileType = file.storyboard; name = Base; path = Base.lproj/LaunchScreen.storyboard; sourceTree = "<group>"; };
		BB3914AB20E21D1100DC185D /* Info.plist */ = {isa = PBXFileReference; lastKnownFileType = text.plist.xml; path = Info.plist; sourceTree = "<group>"; };
		BB3914AC20E21D1100DC185D /* main.m */ = {isa = PBXFileReference; explicitFileType = sourcecode.cpp.objcpp; path = main.m; sourceTree = "<group>"; };
		BB3914BC20E237E000DC185D /* MADVCamera.framework */ = {isa = PBXFileReference; lastKnownFileType = wrapper.framework; path = MADVCamera.framework; sourceTree = "<group>"; };
		BB3914BD20E237F300DC185D /* MADVPano.framework */ = {isa = PBXFileReference; lastKnownFileType = wrapper.framework; path = MADVPano.framework; sourceTree = "<group>"; };
		BB3914C020E2383600DC185D /* CoreVideo.framework */ = {isa = PBXFileReference; lastKnownFileType = wrapper.framework; name = CoreVideo.framework; path = System/Library/Frameworks/CoreVideo.framework; sourceTree = SDKROOT; };
		BB3914C220E2383B00DC185D /* AVFoundation.framework */ = {isa = PBXFileReference; lastKnownFileType = wrapper.framework; name = AVFoundation.framework; path = System/Library/Frameworks/AVFoundation.framework; sourceTree = SDKROOT; };
		BB3914C420E2384100DC185D /* OpenGLES.framework */ = {isa = PBXFileReference; lastKnownFileType = wrapper.framework; name = OpenGLES.framework; path = System/Library/Frameworks/OpenGLES.framework; sourceTree = SDKROOT; };
		BB3914C620E2384900DC185D /* VideoToolbox.framework */ = {isa = PBXFileReference; lastKnownFileType = wrapper.framework; name = VideoToolbox.framework; path = System/Library/Frameworks/VideoToolbox.framework; sourceTree = SDKROOT; };
		BB3914C820E2385600DC185D /* AudioUnit.framework */ = {isa = PBXFileReference; lastKnownFileType = wrapper.framework; name = AudioUnit.framework; path = System/Library/Frameworks/AudioUnit.framework; sourceTree = SDKROOT; };
		BB3914CA20E2386700DC185D /* AudioToolbox.framework */ = {isa = PBXFileReference; lastKnownFileType = wrapper.framework; name = AudioToolbox.framework; path = System/Library/Frameworks/AudioToolbox.framework; sourceTree = SDKROOT; };
		BB3914CC20E2387A00DC185D /* Photos.framework */ = {isa = PBXFileReference; lastKnownFileType = wrapper.framework; name = Photos.framework; path = System/Library/Frameworks/Photos.framework; sourceTree = SDKROOT; };
		BB3914CE20E2388300DC185D /* CoreMedia.framework */ = {isa = PBXFileReference; lastKnownFileType = wrapper.framework; name = CoreMedia.framework; path = System/Library/Frameworks/CoreMedia.framework; sourceTree = SDKROOT; };
		BB3914D020E2388A00DC185D /* Accelerate.framework */ = {isa = PBXFileReference; lastKnownFileType = wrapper.framework; name = Accelerate.framework; path = System/Library/Frameworks/Accelerate.framework; sourceTree = SDKROOT; };
		BB3914D220E2389500DC185D /* CoreMotion.framework */ = {isa = PBXFileReference; lastKnownFileType = wrapper.framework; name = CoreMotion.framework; path = System/Library/Frameworks/CoreMotion.framework; sourceTree = SDKROOT; };
		BB3914D420E2389B00DC185D /* libxml2.tbd */ = {isa = PBXFileReference; lastKnownFileType = "sourcecode.text-based-dylib-definition"; name = libxml2.tbd; path = usr/lib/libxml2.tbd; sourceTree = SDKROOT; };
		BB3914D620E238AD00DC185D /* libiconv.tbd */ = {isa = PBXFileReference; lastKnownFileType = "sourcecode.text-based-dylib-definition"; name = libiconv.tbd; path = usr/lib/libiconv.tbd; sourceTree = SDKROOT; };
		BB3914D820E238B900DC185D /* CoreTelephony.framework */ = {isa = PBXFileReference; lastKnownFileType = wrapper.framework; name = CoreTelephony.framework; path = System/Library/Frameworks/CoreTelephony.framework; sourceTree = SDKROOT; };
		BB3914DA20E238C100DC185D /* CoreLocation.framework */ = {isa = PBXFileReference; lastKnownFileType = wrapper.framework; name = CoreLocation.framework; path = System/Library/Frameworks/CoreLocation.framework; sourceTree = SDKROOT; };
		BB3914DC20E238CE00DC185D /* MediaPlayer.framework */ = {isa = PBXFileReference; lastKnownFileType = wrapper.framework; name = MediaPlayer.framework; path = System/Library/Frameworks/MediaPlayer.framework; sourceTree = SDKROOT; };
		BB3914DE20E238F000DC185D /* opencv2.framework */ = {isa = PBXFileReference; lastKnownFileType = wrapper.framework; path = opencv2.framework; sourceTree = "<group>"; };
		BB3914E020E238FD00DC185D /* AssetsLibrary.framework */ = {isa = PBXFileReference; lastKnownFileType = wrapper.framework; name = AssetsLibrary.framework; path = System/Library/Frameworks/AssetsLibrary.framework; sourceTree = SDKROOT; };
		BB3914E620E245E000DC185D /* test.jpg */ = {isa = PBXFileReference; lastKnownFileType = image.jpeg; path = test.jpg; sourceTree = "<group>"; };
		BB41DE52216DC5F500AA667F /* CupixMADV360Demo.entitlements */ = {isa = PBXFileReference; lastKnownFileType = text.plist.entitlements; path = CupixMADV360Demo.entitlements; sourceTree = "<group>"; };
		BB41DE53216DD35B00AA667F /* CupixMADV360Demo_Swift.entitlements */ = {isa = PBXFileReference; lastKnownFileType = text.plist.entitlements; path = CupixMADV360Demo_Swift.entitlements; sourceTree = "<group>"; };
		BB41DE54216EE91300AA667F /* CupixMADV360Demo_MADVPanoSource.entitlements */ = {isa = PBXFileReference; lastKnownFileType = text.plist.entitlements; path = CupixMADV360Demo_MADVPanoSource.entitlements; sourceTree = "<group>"; };
		BB62D89E210AC5B4002B70C7 /* ImageViewController.h */ = {isa = PBXFileReference; lastKnownFileType = sourcecode.c.h; path = ImageViewController.h; sourceTree = "<group>"; };
		BB62D89F210AC5B4002B70C7 /* ImageViewController.m */ = {isa = PBXFileReference; explicitFileType = sourcecode.cpp.objcpp; path = ImageViewController.m; sourceTree = "<group>"; };
		BB6EE1D120E486AF006DBF81 /* UIView+HierachyExtensions.h */ = {isa = PBXFileReference; fileEncoding = 4; lastKnownFileType = sourcecode.c.h; path = "UIView+HierachyExtensions.h"; sourceTree = "<group>"; };
		BB6EE1D220E486B0006DBF81 /* UIView+HierachyExtensions.m */ = {isa = PBXFileReference; explicitFileType = sourcecode.cpp.objcpp; fileEncoding = 4; path = "UIView+HierachyExtensions.m"; sourceTree = "<group>"; };
		BB6FF53F21072EA900CFC637 /* CupixMADV360Demo_MADVPanoSource.app */ = {isa = PBXFileReference; explicitFileType = wrapper.application; includeInIndex = 0; path = CupixMADV360Demo_MADVPanoSource.app; sourceTree = BUILT_PRODUCTS_DIR; };
		BB6FF54021072EA900CFC637 /* CupixMADV360Demo_MADVPanoSource-Info.plist */ = {isa = PBXFileReference; lastKnownFileType = text.plist.xml; name = "CupixMADV360Demo_MADVPanoSource-Info.plist"; path = "/Users/qiudong/Projects/CupixMADV360Demo/CupixMADV360Demo_MADVPanoSource-Info.plist"; sourceTree = "<absolute>"; };
		BB6FFBC121073D6700CFC637 /* libsqlite3.tbd */ = {isa = PBXFileReference; lastKnownFileType = "sourcecode.text-based-dylib-definition"; name = libsqlite3.tbd; path = usr/lib/libsqlite3.tbd; sourceTree = SDKROOT; };
		BB8489492150A24C00511AE6 /* CupixMADV360Demo-Bridging-Header.h */ = {isa = PBXFileReference; lastKnownFileType = sourcecode.c.h; path = "CupixMADV360Demo-Bridging-Header.h"; sourceTree = "<group>"; };
		BB8489942150A56400511AE6 /* CupixMADV360Demo_Swift.app */ = {isa = PBXFileReference; explicitFileType = wrapper.application; includeInIndex = 0; path = CupixMADV360Demo_Swift.app; sourceTree = BUILT_PRODUCTS_DIR; };
		BB8489952150A57900511AE6 /* CupixMADV360Demo_Swift-Info.plist */ = {isa = PBXFileReference; lastKnownFileType = text.plist.xml; name = "CupixMADV360Demo_Swift-Info.plist"; path = "/Users/qiudong/Projects/CupixMADV360Demo/CupixMADV360Demo_Swift-Info.plist"; sourceTree = "<absolute>"; };
		BBE52698215E0F900032BBDA /* CameraViewController.swift */ = {isa = PBXFileReference; lastKnownFileType = sourcecode.swift; path = CameraViewController.swift; sourceTree = "<group>"; };
		BBE5269A215E11D00032BBDA /* AppDelegate.swift */ = {isa = PBXFileReference; fileEncoding = 4; lastKnownFileType = sourcecode.swift; path = AppDelegate.swift; sourceTree = "<group>"; };
		F29E21E31CD3D784F174A71F /* Pods-CupixMADV360Demo_MADVPanoSource.release.xcconfig */ = {isa = PBXFileReference; includeInIndex = 1; lastKnownFileType = text.xcconfig; name = "Pods-CupixMADV360Demo_MADVPanoSource.release.xcconfig"; path = "Pods/Target Support Files/Pods-CupixMADV360Demo_MADVPanoSource/Pods-CupixMADV360Demo_MADVPanoSource.release.xcconfig"; sourceTree = "<group>"; };
/* End PBXFileReference section */

/* Begin PBXFrameworksBuildPhase section */
		BB39149420E21D0E00DC185D /* Frameworks */ = {
			isa = PBXFrameworksBuildPhase;
			buildActionMask = 2147483647;
			files = (
				BB3914E120E238FD00DC185D /* AssetsLibrary.framework in Frameworks */,
				BB3914DD20E238CF00DC185D /* MediaPlayer.framework in Frameworks */,
				BB3914DB20E238C100DC185D /* CoreLocation.framework in Frameworks */,
				BB3914D920E238BA00DC185D /* CoreTelephony.framework in Frameworks */,
				BB3914D720E238AE00DC185D /* libiconv.tbd in Frameworks */,
				BB3914D520E2389B00DC185D /* libxml2.tbd in Frameworks */,
				BB3914D320E2389500DC185D /* CoreMotion.framework in Frameworks */,
				BB3914D120E2388A00DC185D /* Accelerate.framework in Frameworks */,
				BB3914CF20E2388400DC185D /* CoreMedia.framework in Frameworks */,
				BB3914CD20E2387B00DC185D /* Photos.framework in Frameworks */,
				BB3914CB20E2386700DC185D /* AudioToolbox.framework in Frameworks */,
				BB3914C720E2384900DC185D /* VideoToolbox.framework in Frameworks */,
				BB3914C520E2384100DC185D /* OpenGLES.framework in Frameworks */,
				BB3914DF20E238F100DC185D /* opencv2.framework in Frameworks */,
				BB3914C320E2383B00DC185D /* AVFoundation.framework in Frameworks */,
				BB3914C120E2383600DC185D /* CoreVideo.framework in Frameworks */,
				BB3914BF20E237F300DC185D /* MADVPano.framework in Frameworks */,
				D6A796EAA3F42006A4B49D81 /* libPods-CupixMADV360Demo.a in Frameworks */,
				BB3914BE20E237F300DC185D /* MADVCamera.framework in Frameworks */,
			);
			runOnlyForDeploymentPostprocessing = 0;
		};
		BB6FF52121072EA900CFC637 /* Frameworks */ = {
			isa = PBXFrameworksBuildPhase;
			buildActionMask = 2147483647;
			files = (
				BB6FFBC221073D6700CFC637 /* libsqlite3.tbd in Frameworks */,
				BB6FF52721072EA900CFC637 /* libxml2.tbd in Frameworks */,
				BB6FF52221072EA900CFC637 /* AssetsLibrary.framework in Frameworks */,
				BB6FF52321072EA900CFC637 /* MediaPlayer.framework in Frameworks */,
				BB6FF52421072EA900CFC637 /* CoreLocation.framework in Frameworks */,
				BB6FF52521072EA900CFC637 /* CoreTelephony.framework in Frameworks */,
				BB6FF52621072EA900CFC637 /* libiconv.tbd in Frameworks */,
				BB6FF52821072EA900CFC637 /* CoreMotion.framework in Frameworks */,
				BB6FF52921072EA900CFC637 /* Accelerate.framework in Frameworks */,
				BB6FF52A21072EA900CFC637 /* CoreMedia.framework in Frameworks */,
				BB6FF52B21072EA900CFC637 /* Photos.framework in Frameworks */,
				BB6FF52C21072EA900CFC637 /* AudioToolbox.framework in Frameworks */,
				BB6FF52D21072EA900CFC637 /* VideoToolbox.framework in Frameworks */,
				BB6FF52E21072EA900CFC637 /* OpenGLES.framework in Frameworks */,
				BB6FF52F21072EA900CFC637 /* opencv2.framework in Frameworks */,
				BB6FF53021072EA900CFC637 /* AVFoundation.framework in Frameworks */,
				BB6FF53121072EA900CFC637 /* CoreVideo.framework in Frameworks */,
				BB6FF53321072EA900CFC637 /* libPods-CupixMADV360Demo.a in Frameworks */,
				01DDB4AD712591E304FA3188 /* libPods-CupixMADV360Demo_MADVPanoSource.a in Frameworks */,
			);
			runOnlyForDeploymentPostprocessing = 0;
		};
		BB8489762150A56400511AE6 /* Frameworks */ = {
			isa = PBXFrameworksBuildPhase;
			buildActionMask = 2147483647;
			files = (
				BB8489772150A56400511AE6 /* AssetsLibrary.framework in Frameworks */,
				BB8489782150A56400511AE6 /* MediaPlayer.framework in Frameworks */,
				BB8489792150A56400511AE6 /* CoreLocation.framework in Frameworks */,
				BB84897A2150A56400511AE6 /* CoreTelephony.framework in Frameworks */,
				BB84897B2150A56400511AE6 /* libiconv.tbd in Frameworks */,
				BB84897C2150A56400511AE6 /* libxml2.tbd in Frameworks */,
				BB84897D2150A56400511AE6 /* CoreMotion.framework in Frameworks */,
				BB84897E2150A56400511AE6 /* Accelerate.framework in Frameworks */,
				BB84897F2150A56400511AE6 /* CoreMedia.framework in Frameworks */,
				BB8489802150A56400511AE6 /* Photos.framework in Frameworks */,
				BB8489812150A56400511AE6 /* AudioToolbox.framework in Frameworks */,
				BB8489822150A56400511AE6 /* VideoToolbox.framework in Frameworks */,
				BB8489832150A56400511AE6 /* OpenGLES.framework in Frameworks */,
				BB8489842150A56400511AE6 /* opencv2.framework in Frameworks */,
				BB8489852150A56400511AE6 /* AVFoundation.framework in Frameworks */,
				BB8489862150A56400511AE6 /* CoreVideo.framework in Frameworks */,
				BB8489882150A56400511AE6 /* libPods-CupixMADV360Demo.a in Frameworks */,
				526AECCC216C465D0083EE43 /* MADVPano.framework in Frameworks */,
				BB8489892150A56400511AE6 /* MADVCamera.framework in Frameworks */,
			);
			runOnlyForDeploymentPostprocessing = 0;
		};
/* End PBXFrameworksBuildPhase section */

/* Begin PBXGroup section */
		213734A94827B871BC47B194 /* Pods */ = {
			isa = PBXGroup;
			children = (
				8BDBA4859DB4DEBC765D3F79 /* Pods-CupixMADV360Demo.debug.xcconfig */,
				0249543071E449CBBAD1A5E9 /* Pods-CupixMADV360Demo.release.xcconfig */,
				1D8FAA74FB77FC68ED82ABE1 /* Pods-CupixMADV360Demo_MADVPanoSource.debug.xcconfig */,
				F29E21E31CD3D784F174A71F /* Pods-CupixMADV360Demo_MADVPanoSource.release.xcconfig */,
			);
			name = Pods;
			sourceTree = "<group>";
		};
		26390F6DDCB1546C128052DD /* Frameworks */ = {
			isa = PBXGroup;
			children = (
				BB6FFBC121073D6700CFC637 /* libsqlite3.tbd */,
				BB3914E020E238FD00DC185D /* AssetsLibrary.framework */,
				BB3914DE20E238F000DC185D /* opencv2.framework */,
				BB3914DC20E238CE00DC185D /* MediaPlayer.framework */,
				BB3914DA20E238C100DC185D /* CoreLocation.framework */,
				BB3914D820E238B900DC185D /* CoreTelephony.framework */,
				BB3914D620E238AD00DC185D /* libiconv.tbd */,
				BB3914D420E2389B00DC185D /* libxml2.tbd */,
				BB3914D220E2389500DC185D /* CoreMotion.framework */,
				BB3914D020E2388A00DC185D /* Accelerate.framework */,
				BB3914CE20E2388300DC185D /* CoreMedia.framework */,
				BB3914CC20E2387A00DC185D /* Photos.framework */,
				BB3914CA20E2386700DC185D /* AudioToolbox.framework */,
				BB3914C820E2385600DC185D /* AudioUnit.framework */,
				BB3914C620E2384900DC185D /* VideoToolbox.framework */,
				BB3914C420E2384100DC185D /* OpenGLES.framework */,
				BB3914C220E2383B00DC185D /* AVFoundation.framework */,
				BB3914C020E2383600DC185D /* CoreVideo.framework */,
				BB3914BC20E237E000DC185D /* MADVCamera.framework */,
				BB3914BD20E237F300DC185D /* MADVPano.framework */,
				A59C0C5C20FF79977520248A /* libPods-CupixMADV360Demo.a */,
				49FFDCA535B0D36F28FFB73B /* libPods-CupixMADV360Demo_MADVPanoSource.a */,
			);
			name = Frameworks;
			sourceTree = "<group>";
		};
		BB39148E20E21D0E00DC185D = {
			isa = PBXGroup;
			children = (
				BB41DE54216EE91300AA667F /* CupixMADV360Demo_MADVPanoSource.entitlements */,
				BB41DE53216DD35B00AA667F /* CupixMADV360Demo_Swift.entitlements */,
				BB3914E220E23A7900DC185D /* Resources */,
				BB39149920E21D0E00DC185D /* CupixMADV360Demo */,
				BB39149820E21D0E00DC185D /* Products */,
				213734A94827B871BC47B194 /* Pods */,
				26390F6DDCB1546C128052DD /* Frameworks */,
				BB6FF54021072EA900CFC637 /* CupixMADV360Demo_MADVPanoSource-Info.plist */,
				BB8489952150A57900511AE6 /* CupixMADV360Demo_Swift-Info.plist */,
			);
			sourceTree = "<group>";
		};
		BB39149820E21D0E00DC185D /* Products */ = {
			isa = PBXGroup;
			children = (
				BB39149720E21D0E00DC185D /* CupixMADV360Demo.app */,
				BB6FF53F21072EA900CFC637 /* CupixMADV360Demo_MADVPanoSource.app */,
				BB8489942150A56400511AE6 /* CupixMADV360Demo_Swift.app */,
			);
			name = Products;
			sourceTree = "<group>";
		};
		BB39149920E21D0E00DC185D /* CupixMADV360Demo */ = {
			isa = PBXGroup;
			children = (
				BB41DE52216DC5F500AA667F /* CupixMADV360Demo.entitlements */,
				BB6EE1D020E48659006DBF81 /* Utils */,
				BB39149A20E21D0E00DC185D /* AppDelegate.h */,
				BB39149B20E21D0E00DC185D /* AppDelegate.m */,
				BBE5269A215E11D00032BBDA /* AppDelegate.swift */,
				BB39149D20E21D0E00DC185D /* CameraViewController.h */,
				BB39149E20E21D0E00DC185D /* CameraViewController.m */,
				BBE52698215E0F900032BBDA /* CameraViewController.swift */,
				BB3914A020E21D0E00DC185D /* LibraryViewController.h */,
				BB3914A120E21D0E00DC185D /* LibraryViewController.m */,
				BB3914A320E21D0E00DC185D /* Main.storyboard */,
				BB3914A620E21D1100DC185D /* Assets.xcassets */,
				BB3914A820E21D1100DC185D /* LaunchScreen.storyboard */,
				BB3914AB20E21D1100DC185D /* Info.plist */,
				BB3914AC20E21D1100DC185D /* main.m */,
				BB62D89E210AC5B4002B70C7 /* ImageViewController.h */,
				BB62D89F210AC5B4002B70C7 /* ImageViewController.m */,
				BB8489492150A24C00511AE6 /* CupixMADV360Demo-Bridging-Header.h */,
				5221DC01217432B500F969D6 /* SettingsViewController.h */,
				5221DC02217432B500F969D6 /* SettingsViewController.m */,
				5221DC052174333100F969D6 /* SettingsViewController.swift */,
			);
			path = CupixMADV360Demo;
			sourceTree = "<group>";
		};
		BB3914E220E23A7900DC185D /* Resources */ = {
			isa = PBXGroup;
			children = (
				BB3914E620E245E000DC185D /* test.jpg */,
			);
			path = Resources;
			sourceTree = "<group>";
		};
		BB6EE1D020E48659006DBF81 /* Utils */ = {
			isa = PBXGroup;
			children = (
				BB6EE1D120E486AF006DBF81 /* UIView+HierachyExtensions.h */,
				BB6EE1D220E486B0006DBF81 /* UIView+HierachyExtensions.m */,
			);
			path = Utils;
			sourceTree = "<group>";
		};
/* End PBXGroup section */

/* Begin PBXNativeTarget section */
		BB39149620E21D0E00DC185D /* CupixMADV360Demo */ = {
			isa = PBXNativeTarget;
			buildConfigurationList = BB3914B020E21D1100DC185D /* Build configuration list for PBXNativeTarget "CupixMADV360Demo" */;
			buildPhases = (
				C34DFAEF18B11016C787BCE4 /* [CP] Check Pods Manifest.lock */,
				BB39149320E21D0E00DC185D /* Sources */,
				BB39149420E21D0E00DC185D /* Frameworks */,
				BB39149520E21D0E00DC185D /* Resources */,
				020090FF33B626D494518CC9 /* [CP] Embed Pods Frameworks */,
				0E81B657EEC11FFFAC36500A /* [CP] Copy Pods Resources */,
			);
			buildRules = (
			);
			dependencies = (
			);
			name = CupixMADV360Demo;
			productName = CupixMADV360Demo;
			productReference = BB39149720E21D0E00DC185D /* CupixMADV360Demo.app */;
			productType = "com.apple.product-type.application";
		};
		BB6FF51921072EA900CFC637 /* CupixMADV360Demo_MADVPanoSource */ = {
			isa = PBXNativeTarget;
			buildConfigurationList = BB6FF53C21072EA900CFC637 /* Build configuration list for PBXNativeTarget "CupixMADV360Demo_MADVPanoSource" */;
			buildPhases = (
				BB6FF51A21072EA900CFC637 /* [CP] Check Pods Manifest.lock */,
				BB6FF51B21072EA900CFC637 /* Sources */,
				BB6FF52121072EA900CFC637 /* Frameworks */,
				BB6FF53521072EA900CFC637 /* Resources */,
				BB6FF53A21072EA900CFC637 /* [CP] Embed Pods Frameworks */,
				BB6FF53B21072EA900CFC637 /* [CP] Copy Pods Resources */,
			);
			buildRules = (
			);
			dependencies = (
			);
			name = CupixMADV360Demo_MADVPanoSource;
			productName = CupixMADV360Demo;
			productReference = BB6FF53F21072EA900CFC637 /* CupixMADV360Demo_MADVPanoSource.app */;
			productType = "com.apple.product-type.application";
		};
		BB84896C2150A56400511AE6 /* CupixMADV360Demo_Swift */ = {
			isa = PBXNativeTarget;
			buildConfigurationList = BB8489912150A56400511AE6 /* Build configuration list for PBXNativeTarget "CupixMADV360Demo_Swift" */;
			buildPhases = (
				BB84896D2150A56400511AE6 /* [CP] Check Pods Manifest.lock */,
				BB84896E2150A56400511AE6 /* Sources */,
				BB8489762150A56400511AE6 /* Frameworks */,
				BB84898A2150A56400511AE6 /* Resources */,
				BB84898F2150A56400511AE6 /* [CP] Embed Pods Frameworks */,
				BB8489902150A56400511AE6 /* [CP] Copy Pods Resources */,
			);
			buildRules = (
			);
			dependencies = (
			);
			name = CupixMADV360Demo_Swift;
			productName = CupixMADV360Demo;
			productReference = BB8489942150A56400511AE6 /* CupixMADV360Demo_Swift.app */;
			productType = "com.apple.product-type.application";
		};
/* End PBXNativeTarget section */

/* Begin PBXProject section */
		BB39148F20E21D0E00DC185D /* Project object */ = {
			isa = PBXProject;
			attributes = {
				LastUpgradeCheck = 0940;
				ORGANIZATIONNAME = QiuDong;
				TargetAttributes = {
					BB39149620E21D0E00DC185D = {
						CreatedOnToolsVersion = 9.4;
						LastSwiftMigration = 0940;
						SystemCapabilities = {
							com.apple.AccessWiFi = {
								enabled = 1;
							};
						};
					};
					BB6FF51921072EA900CFC637 = {
						LastSwiftMigration = 0940;
						SystemCapabilities = {
							com.apple.AccessWiFi = {
								enabled = 1;
							};
						};
					};
					BB84896C2150A56400511AE6 = {
						SystemCapabilities = {
							com.apple.AccessWiFi = {
								enabled = 1;
							};
						};
					};
				};
			};
			buildConfigurationList = BB39149220E21D0E00DC185D /* Build configuration list for PBXProject "CupixMADV360Demo" */;
			compatibilityVersion = "Xcode 9.3";
			developmentRegion = en;
			hasScannedForEncodings = 0;
			knownRegions = (
				en,
				Base,
			);
			mainGroup = BB39148E20E21D0E00DC185D;
			productRefGroup = BB39149820E21D0E00DC185D /* Products */;
			projectDirPath = "";
			projectRoot = "";
			targets = (
				BB39149620E21D0E00DC185D /* CupixMADV360Demo */,
				BB6FF51921072EA900CFC637 /* CupixMADV360Demo_MADVPanoSource */,
				BB84896C2150A56400511AE6 /* CupixMADV360Demo_Swift */,
			);
		};
/* End PBXProject section */

/* Begin PBXResourcesBuildPhase section */
		BB39149520E21D0E00DC185D /* Resources */ = {
			isa = PBXResourcesBuildPhase;
			buildActionMask = 2147483647;
			files = (
				BB3914E720E245E000DC185D /* test.jpg in Resources */,
				BB3914AA20E21D1100DC185D /* LaunchScreen.storyboard in Resources */,
				BB3914A720E21D1100DC185D /* Assets.xcassets in Resources */,
				BB3914A520E21D0E00DC185D /* Main.storyboard in Resources */,
			);
			runOnlyForDeploymentPostprocessing = 0;
		};
		BB6FF53521072EA900CFC637 /* Resources */ = {
			isa = PBXResourcesBuildPhase;
			buildActionMask = 2147483647;
			files = (
				BB6FFB5A210732F300CFC637 /* CupixMADV360Demo_MADVPanoSource-Info.plist in Resources */,
				BB6FF53621072EA900CFC637 /* test.jpg in Resources */,
				BB6FF53721072EA900CFC637 /* LaunchScreen.storyboard in Resources */,
				BB6FF53821072EA900CFC637 /* Assets.xcassets in Resources */,
				BB6FF53921072EA900CFC637 /* Main.storyboard in Resources */,
			);
			runOnlyForDeploymentPostprocessing = 0;
		};
		BB84898A2150A56400511AE6 /* Resources */ = {
			isa = PBXResourcesBuildPhase;
			buildActionMask = 2147483647;
			files = (
				BB84898B2150A56400511AE6 /* test.jpg in Resources */,
				BB84898C2150A56400511AE6 /* LaunchScreen.storyboard in Resources */,
				BB84898D2150A56400511AE6 /* Assets.xcassets in Resources */,
				BB84898E2150A56400511AE6 /* Main.storyboard in Resources */,
			);
			runOnlyForDeploymentPostprocessing = 0;
		};
/* End PBXResourcesBuildPhase section */

/* Begin PBXShellScriptBuildPhase section */
		020090FF33B626D494518CC9 /* [CP] Embed Pods Frameworks */ = {
			isa = PBXShellScriptBuildPhase;
			buildActionMask = 2147483647;
			files = (
			);
			inputPaths = (
			);
			name = "[CP] Embed Pods Frameworks";
			outputPaths = (
			);
			runOnlyForDeploymentPostprocessing = 0;
			shellPath = /bin/sh;
			shellScript = "\"${SRCROOT}/Pods/Target Support Files/Pods-CupixMADV360Demo/Pods-CupixMADV360Demo-frameworks.sh\"\n";
			showEnvVarsInLog = 0;
		};
		0E81B657EEC11FFFAC36500A /* [CP] Copy Pods Resources */ = {
			isa = PBXShellScriptBuildPhase;
			buildActionMask = 2147483647;
			files = (
			);
			inputPaths = (
			);
			name = "[CP] Copy Pods Resources";
			outputPaths = (
			);
			runOnlyForDeploymentPostprocessing = 0;
			shellPath = /bin/sh;
			shellScript = "\"${SRCROOT}/Pods/Target Support Files/Pods-CupixMADV360Demo/Pods-CupixMADV360Demo-resources.sh\"\n";
			showEnvVarsInLog = 0;
		};
		BB6FF51A21072EA900CFC637 /* [CP] Check Pods Manifest.lock */ = {
			isa = PBXShellScriptBuildPhase;
			buildActionMask = 2147483647;
			files = (
			);
			inputPaths = (
				"${PODS_PODFILE_DIR_PATH}/Podfile.lock",
				"${PODS_ROOT}/Manifest.lock",
			);
			name = "[CP] Check Pods Manifest.lock";
			outputPaths = (
				"$(DERIVED_FILE_DIR)/Pods-CupixMADV360Demo_MADVPanoSource-checkManifestLockResult.txt",
			);
			runOnlyForDeploymentPostprocessing = 0;
			shellPath = /bin/sh;
			shellScript = "diff \"${PODS_PODFILE_DIR_PATH}/Podfile.lock\" \"${PODS_ROOT}/Manifest.lock\" > /dev/null\nif [ $? != 0 ] ; then\n    # print error to STDERR\n    echo \"error: The sandbox is not in sync with the Podfile.lock. Run 'pod install' or update your CocoaPods installation.\" >&2\n    exit 1\nfi\n# This output is used by Xcode 'outputs' to avoid re-running this script phase.\necho \"SUCCESS\" > \"${SCRIPT_OUTPUT_FILE_0}\"\n";
			showEnvVarsInLog = 0;
		};
		BB6FF53A21072EA900CFC637 /* [CP] Embed Pods Frameworks */ = {
			isa = PBXShellScriptBuildPhase;
			buildActionMask = 2147483647;
			files = (
			);
			inputPaths = (
			);
			name = "[CP] Embed Pods Frameworks";
			outputPaths = (
			);
			runOnlyForDeploymentPostprocessing = 0;
			shellPath = /bin/sh;
			shellScript = "\"${SRCROOT}/Pods/Target Support Files/Pods-CupixMADV360Demo_MADVPanoSource/Pods-CupixMADV360Demo_MADVPanoSource-frameworks.sh\"\n";
			showEnvVarsInLog = 0;
		};
		BB6FF53B21072EA900CFC637 /* [CP] Copy Pods Resources */ = {
			isa = PBXShellScriptBuildPhase;
			buildActionMask = 2147483647;
			files = (
			);
			inputPaths = (
			);
			name = "[CP] Copy Pods Resources";
			outputPaths = (
			);
			runOnlyForDeploymentPostprocessing = 0;
			shellPath = /bin/sh;
			shellScript = "\"${SRCROOT}/Pods/Target Support Files/Pods-CupixMADV360Demo_MADVPanoSource/Pods-CupixMADV360Demo_MADVPanoSource-resources.sh\"\n";
			showEnvVarsInLog = 0;
		};
		BB84896D2150A56400511AE6 /* [CP] Check Pods Manifest.lock */ = {
			isa = PBXShellScriptBuildPhase;
			buildActionMask = 2147483647;
			files = (
			);
			inputPaths = (
				"${PODS_PODFILE_DIR_PATH}/Podfile.lock",
				"${PODS_ROOT}/Manifest.lock",
			);
			name = "[CP] Check Pods Manifest.lock";
			outputPaths = (
				"$(DERIVED_FILE_DIR)/Pods-CupixMADV360Demo-checkManifestLockResult.txt",
			);
			runOnlyForDeploymentPostprocessing = 0;
			shellPath = /bin/sh;
			shellScript = "diff \"${PODS_PODFILE_DIR_PATH}/Podfile.lock\" \"${PODS_ROOT}/Manifest.lock\" > /dev/null\nif [ $? != 0 ] ; then\n    # print error to STDERR\n    echo \"error: The sandbox is not in sync with the Podfile.lock. Run 'pod install' or update your CocoaPods installation.\" >&2\n    exit 1\nfi\n# This output is used by Xcode 'outputs' to avoid re-running this script phase.\necho \"SUCCESS\" > \"${SCRIPT_OUTPUT_FILE_0}\"\n";
			showEnvVarsInLog = 0;
		};
		BB84898F2150A56400511AE6 /* [CP] Embed Pods Frameworks */ = {
			isa = PBXShellScriptBuildPhase;
			buildActionMask = 2147483647;
			files = (
			);
			inputPaths = (
			);
			name = "[CP] Embed Pods Frameworks";
			outputPaths = (
			);
			runOnlyForDeploymentPostprocessing = 0;
			shellPath = /bin/sh;
			shellScript = "\"${SRCROOT}/Pods/Target Support Files/Pods-CupixMADV360Demo/Pods-CupixMADV360Demo-frameworks.sh\"\n";
			showEnvVarsInLog = 0;
		};
		BB8489902150A56400511AE6 /* [CP] Copy Pods Resources */ = {
			isa = PBXShellScriptBuildPhase;
			buildActionMask = 2147483647;
			files = (
			);
			inputPaths = (
			);
			name = "[CP] Copy Pods Resources";
			outputPaths = (
			);
			runOnlyForDeploymentPostprocessing = 0;
			shellPath = /bin/sh;
			shellScript = "\"${SRCROOT}/Pods/Target Support Files/Pods-CupixMADV360Demo/Pods-CupixMADV360Demo-resources.sh\"\n";
			showEnvVarsInLog = 0;
		};
		C34DFAEF18B11016C787BCE4 /* [CP] Check Pods Manifest.lock */ = {
			isa = PBXShellScriptBuildPhase;
			buildActionMask = 2147483647;
			files = (
			);
			inputPaths = (
				"${PODS_PODFILE_DIR_PATH}/Podfile.lock",
				"${PODS_ROOT}/Manifest.lock",
			);
			name = "[CP] Check Pods Manifest.lock";
			outputPaths = (
				"$(DERIVED_FILE_DIR)/Pods-CupixMADV360Demo-checkManifestLockResult.txt",
			);
			runOnlyForDeploymentPostprocessing = 0;
			shellPath = /bin/sh;
			shellScript = "diff \"${PODS_PODFILE_DIR_PATH}/Podfile.lock\" \"${PODS_ROOT}/Manifest.lock\" > /dev/null\nif [ $? != 0 ] ; then\n    # print error to STDERR\n    echo \"error: The sandbox is not in sync with the Podfile.lock. Run 'pod install' or update your CocoaPods installation.\" >&2\n    exit 1\nfi\n# This output is used by Xcode 'outputs' to avoid re-running this script phase.\necho \"SUCCESS\" > \"${SCRIPT_OUTPUT_FILE_0}\"\n";
			showEnvVarsInLog = 0;
		};
/* End PBXShellScriptBuildPhase section */

/* Begin PBXSourcesBuildPhase section */
		BB39149320E21D0E00DC185D /* Sources */ = {
			isa = PBXSourcesBuildPhase;
			buildActionMask = 2147483647;
			files = (
				BB62D8A0210AC5B4002B70C7 /* ImageViewController.m in Sources */,
				BB6EE1D320E486B1006DBF81 /* UIView+HierachyExtensions.m in Sources */,
				BB3914A220E21D0E00DC185D /* LibraryViewController.m in Sources */,
				BB39149C20E21D0E00DC185D /* AppDelegate.m in Sources */,
				BB3914AD20E21D1100DC185D /* main.m in Sources */,
				BB39149F20E21D0E00DC185D /* CameraViewController.m in Sources */,
				5221DC03217432B500F969D6 /* SettingsViewController.m in Sources */,
			);
			runOnlyForDeploymentPostprocessing = 0;
		};
		BB6FF51B21072EA900CFC637 /* Sources */ = {
			isa = PBXSourcesBuildPhase;
			buildActionMask = 2147483647;
			files = (
				5221DC04217432B500F969D6 /* SettingsViewController.m in Sources */,
				BB6FF51C21072EA900CFC637 /* UIView+HierachyExtensions.m in Sources */,
				BB6FF51D21072EA900CFC637 /* LibraryViewController.m in Sources */,
				BB6FF51E21072EA900CFC637 /* AppDelegate.m in Sources */,
				BB62D8A1210AC5B4002B70C7 /* ImageViewController.m in Sources */,
				BB6FF51F21072EA900CFC637 /* main.m in Sources */,
				BB6FF52021072EA900CFC637 /* CameraViewController.m in Sources */,
			);
			runOnlyForDeploymentPostprocessing = 0;
		};
		BB84896E2150A56400511AE6 /* Sources */ = {
			isa = PBXSourcesBuildPhase;
			buildActionMask = 2147483647;
			files = (
				BBE5269B215E11D10032BBDA /* AppDelegate.swift in Sources */,
				BB84896F2150A56400511AE6 /* ImageViewController.m in Sources */,
				BB8489712150A56400511AE6 /* UIView+HierachyExtensions.m in Sources */,
				BB8489722150A56400511AE6 /* LibraryViewController.m in Sources */,
				BBFBF743215E3AFF00EDA879 /* CameraViewController.swift in Sources */,
				5221DC062174333100F969D6 /* SettingsViewController.swift in Sources */,
			);
			runOnlyForDeploymentPostprocessing = 0;
		};
/* End PBXSourcesBuildPhase section */

/* Begin PBXVariantGroup section */
		BB3914A320E21D0E00DC185D /* Main.storyboard */ = {
			isa = PBXVariantGroup;
			children = (
				BB3914A420E21D0E00DC185D /* Base */,
			);
			name = Main.storyboard;
			sourceTree = "<group>";
		};
		BB3914A820E21D1100DC185D /* LaunchScreen.storyboard */ = {
			isa = PBXVariantGroup;
			children = (
				BB3914A920E21D1100DC185D /* Base */,
			);
			name = LaunchScreen.storyboard;
			sourceTree = "<group>";
		};
/* End PBXVariantGroup section */

/* Begin XCBuildConfiguration section */
		BB3914AE20E21D1100DC185D /* Debug */ = {
			isa = XCBuildConfiguration;
			buildSettings = {
				ALWAYS_SEARCH_USER_PATHS = NO;
				CLANG_ANALYZER_NONNULL = YES_NONAGGRESSIVE;
				CLANG_ANALYZER_NUMBER_OBJECT_CONVERSION = YES;
				CLANG_CXX_LANGUAGE_STANDARD = "gnu++0x";
				CLANG_CXX_LIBRARY = "libc++";
				CLANG_ENABLE_MODULES = YES;
				CLANG_ENABLE_OBJC_ARC = YES;
				CLANG_ENABLE_OBJC_WEAK = NO;
				CLANG_WARN_BLOCK_CAPTURE_AUTORELEASING = NO;
				CLANG_WARN_BOOL_CONVERSION = YES;
				CLANG_WARN_COMMA = NO;
				CLANG_WARN_CONSTANT_CONVERSION = YES;
				CLANG_WARN_DEPRECATED_OBJC_IMPLEMENTATIONS = NO;
				CLANG_WARN_DIRECT_OBJC_ISA_USAGE = YES_ERROR;
				CLANG_WARN_DOCUMENTATION_COMMENTS = NO;
				CLANG_WARN_EMPTY_BODY = YES;
				CLANG_WARN_ENUM_CONVERSION = YES;
				CLANG_WARN_INFINITE_RECURSION = NO;
				CLANG_WARN_INT_CONVERSION = YES;
				CLANG_WARN_NON_LITERAL_NULL_CONVERSION = NO;
				CLANG_WARN_OBJC_IMPLICIT_RETAIN_SELF = NO;
				CLANG_WARN_OBJC_LITERAL_CONVERSION = NO;
				CLANG_WARN_OBJC_ROOT_CLASS = YES_ERROR;
				CLANG_WARN_RANGE_LOOP_ANALYSIS = NO;
				CLANG_WARN_STRICT_PROTOTYPES = NO;
				CLANG_WARN_SUSPICIOUS_MOVE = NO;
				CLANG_WARN_UNGUARDED_AVAILABILITY = YES;
				CLANG_WARN_UNREACHABLE_CODE = YES;
				CLANG_WARN__DUPLICATE_METHOD_MATCH = YES;
				CODE_SIGN_IDENTITY = "iPhone Developer";
				COPY_PHASE_STRIP = NO;
				DEBUG_INFORMATION_FORMAT = dwarf;
				ENABLE_STRICT_OBJC_MSGSEND = YES;
				ENABLE_TESTABILITY = YES;
				GCC_C_LANGUAGE_STANDARD = gnu99;
				GCC_DYNAMIC_NO_PIC = NO;
				GCC_NO_COMMON_BLOCKS = YES;
				GCC_OPTIMIZATION_LEVEL = 0;
				GCC_PREPROCESSOR_DEFINITIONS = (
					"DEBUG=1",
					"$(inherited)",
				);
				GCC_WARN_64_TO_32_BIT_CONVERSION = YES;
				GCC_WARN_ABOUT_RETURN_TYPE = YES_ERROR;
				GCC_WARN_UNDECLARED_SELECTOR = YES;
				GCC_WARN_UNINITIALIZED_AUTOS = YES_AGGRESSIVE;
				GCC_WARN_UNUSED_FUNCTION = YES;
				GCC_WARN_UNUSED_VARIABLE = YES;
				IPHONEOS_DEPLOYMENT_TARGET = 8.0;
				MTL_ENABLE_DEBUG_INFO = YES;
				ONLY_ACTIVE_ARCH = YES;
				SDKROOT = iphoneos;
				TARGETED_DEVICE_FAMILY = "1,2";
			};
			name = Debug;
		};
		BB3914AF20E21D1100DC185D /* Release */ = {
			isa = XCBuildConfiguration;
			buildSettings = {
				ALWAYS_SEARCH_USER_PATHS = NO;
				CLANG_ANALYZER_NONNULL = YES_NONAGGRESSIVE;
				CLANG_ANALYZER_NUMBER_OBJECT_CONVERSION = YES;
				CLANG_CXX_LANGUAGE_STANDARD = "gnu++0x";
				CLANG_CXX_LIBRARY = "libc++";
				CLANG_ENABLE_MODULES = YES;
				CLANG_ENABLE_OBJC_ARC = YES;
				CLANG_ENABLE_OBJC_WEAK = NO;
				CLANG_WARN_BLOCK_CAPTURE_AUTORELEASING = NO;
				CLANG_WARN_BOOL_CONVERSION = YES;
				CLANG_WARN_COMMA = NO;
				CLANG_WARN_CONSTANT_CONVERSION = YES;
				CLANG_WARN_DEPRECATED_OBJC_IMPLEMENTATIONS = NO;
				CLANG_WARN_DIRECT_OBJC_ISA_USAGE = YES_ERROR;
				CLANG_WARN_DOCUMENTATION_COMMENTS = NO;
				CLANG_WARN_EMPTY_BODY = YES;
				CLANG_WARN_ENUM_CONVERSION = YES;
				CLANG_WARN_INFINITE_RECURSION = NO;
				CLANG_WARN_INT_CONVERSION = YES;
				CLANG_WARN_NON_LITERAL_NULL_CONVERSION = NO;
				CLANG_WARN_OBJC_IMPLICIT_RETAIN_SELF = NO;
				CLANG_WARN_OBJC_LITERAL_CONVERSION = NO;
				CLANG_WARN_OBJC_ROOT_CLASS = YES_ERROR;
				CLANG_WARN_RANGE_LOOP_ANALYSIS = NO;
				CLANG_WARN_STRICT_PROTOTYPES = NO;
				CLANG_WARN_SUSPICIOUS_MOVE = NO;
				CLANG_WARN_UNGUARDED_AVAILABILITY = YES;
				CLANG_WARN_UNREACHABLE_CODE = YES;
				CLANG_WARN__DUPLICATE_METHOD_MATCH = YES;
				CODE_SIGN_IDENTITY = "iPhone Developer";
				COPY_PHASE_STRIP = NO;
				DEBUG_INFORMATION_FORMAT = "dwarf-with-dsym";
				ENABLE_NS_ASSERTIONS = NO;
				ENABLE_STRICT_OBJC_MSGSEND = YES;
				GCC_C_LANGUAGE_STANDARD = gnu99;
				GCC_NO_COMMON_BLOCKS = YES;
				GCC_WARN_64_TO_32_BIT_CONVERSION = YES;
				GCC_WARN_ABOUT_RETURN_TYPE = YES_ERROR;
				GCC_WARN_UNDECLARED_SELECTOR = YES;
				GCC_WARN_UNINITIALIZED_AUTOS = YES_AGGRESSIVE;
				GCC_WARN_UNUSED_FUNCTION = YES;
				GCC_WARN_UNUSED_VARIABLE = YES;
				IPHONEOS_DEPLOYMENT_TARGET = 8.0;
				MTL_ENABLE_DEBUG_INFO = NO;
				SDKROOT = iphoneos;
				TARGETED_DEVICE_FAMILY = "1,2";
				VALIDATE_PRODUCT = YES;
			};
			name = Release;
		};
		BB3914B120E21D1100DC185D /* Debug */ = {
			isa = XCBuildConfiguration;
			baseConfigurationReference = 8BDBA4859DB4DEBC765D3F79 /* Pods-CupixMADV360Demo.debug.xcconfig */;
			buildSettings = {
				ALWAYS_SEARCH_USER_PATHS = YES;
				ASSETCATALOG_COMPILER_APPICON_NAME = AppIcon;
				CLANG_ENABLE_MODULES = YES;
				CODE_SIGN_ENTITLEMENTS = CupixMADV360Demo/CupixMADV360Demo.entitlements;
				CODE_SIGN_STYLE = Automatic;
				DEBUG_INFORMATION_FORMAT = "dwarf-with-dsym";
				DEVELOPMENT_TEAM = QBAB3CS86A;
				ENABLE_BITCODE = NO;
				FRAMEWORK_SEARCH_PATHS = (
					"$(inherited)",
					"$(PROJECT_DIR)/**",
				);
				GCC_PRECOMPILE_PREFIX_HEADER = YES;
				GCC_PREPROCESSOR_DEFINITIONS = (
					"$(inherited)",
					"COCOAPODS=1",
				);
				HEADER_SEARCH_PATHS = (
					"$(inherited)",
					"\"${PODS_ROOT}/Headers/Public\"",
					"\"${PODS_ROOT}/Headers/Public/AFNetworking\"",
					"\"${PODS_ROOT}/Headers/Public/Realm\"",
					"$(PROJECT_DIR)/MADVCamera.framework/Headers",
					"$(PROJECT_DIR)/MADVPano.framework/Headers",
				);
				INFOPLIST_FILE = CupixMADV360Demo/Info.plist;
				IPHONEOS_DEPLOYMENT_TARGET = 9.0;
				LD_RUNPATH_SEARCH_PATHS = (
					"$(inherited)",
					"@executable_path/Frameworks",
				);
				PRODUCT_BUNDLE_IDENTIFIER = com.madv360.CupixMADV360Demo;
				PRODUCT_NAME = "$(TARGET_NAME)";
				SWIFT_OBJC_BRIDGING_HEADER = "CupixMADV360Demo/CupixMADV360Demo-Bridging-Header.h";
				SWIFT_OPTIMIZATION_LEVEL = "-Onone";
				SWIFT_VERSION = 3.0;
				TARGETED_DEVICE_FAMILY = 1;
			};
			name = Debug;
		};
		BB3914B220E21D1100DC185D /* Release */ = {
			isa = XCBuildConfiguration;
			baseConfigurationReference = 0249543071E449CBBAD1A5E9 /* Pods-CupixMADV360Demo.release.xcconfig */;
			buildSettings = {
				ALWAYS_SEARCH_USER_PATHS = YES;
				ASSETCATALOG_COMPILER_APPICON_NAME = AppIcon;
				CLANG_ENABLE_MODULES = YES;
				CODE_SIGN_ENTITLEMENTS = CupixMADV360Demo/CupixMADV360Demo.entitlements;
				CODE_SIGN_STYLE = Automatic;
				DEVELOPMENT_TEAM = QBAB3CS86A;
				ENABLE_BITCODE = NO;
				FRAMEWORK_SEARCH_PATHS = (
					"$(inherited)",
					"$(PROJECT_DIR)/**",
				);
				GCC_PRECOMPILE_PREFIX_HEADER = YES;
				GCC_PREPROCESSOR_DEFINITIONS = (
					"$(inherited)",
					"COCOAPODS=1",
				);
				HEADER_SEARCH_PATHS = (
					"$(inherited)",
					"\"${PODS_ROOT}/Headers/Public\"",
					"\"${PODS_ROOT}/Headers/Public/AFNetworking\"",
					"\"${PODS_ROOT}/Headers/Public/Realm\"",
					"$(PROJECT_DIR)/MADVCamera.framework/Headers",
					"$(PROJECT_DIR)/MADVPano.framework/Headers",
				);
				INFOPLIST_FILE = CupixMADV360Demo/Info.plist;
				IPHONEOS_DEPLOYMENT_TARGET = 9.0;
				LD_RUNPATH_SEARCH_PATHS = (
					"$(inherited)",
					"@executable_path/Frameworks",
				);
				PRODUCT_BUNDLE_IDENTIFIER = com.madv360.CupixMADV360Demo;
				PRODUCT_NAME = "$(TARGET_NAME)";
				SWIFT_OBJC_BRIDGING_HEADER = "CupixMADV360Demo/CupixMADV360Demo-Bridging-Header.h";
				SWIFT_VERSION = 3.0;
				TARGETED_DEVICE_FAMILY = 1;
			};
			name = Release;
		};
		BB6FF53D21072EA900CFC637 /* Debug */ = {
			isa = XCBuildConfiguration;
			baseConfigurationReference = 1D8FAA74FB77FC68ED82ABE1 /* Pods-CupixMADV360Demo_MADVPanoSource.debug.xcconfig */;
			buildSettings = {
				ALWAYS_SEARCH_USER_PATHS = YES;
				ASSETCATALOG_COMPILER_APPICON_NAME = AppIcon;
				CLANG_ENABLE_MODULES = YES;
				CODE_SIGN_ENTITLEMENTS = CupixMADV360Demo_MADVPanoSource.entitlements;
				CODE_SIGN_STYLE = Automatic;
				DEBUG_INFORMATION_FORMAT = "dwarf-with-dsym";
				DEVELOPMENT_TEAM = QBAB3CS86A;
				ENABLE_BITCODE = NO;
				FRAMEWORK_SEARCH_PATHS = (
					"$(inherited)",
					"$(PROJECT_DIR)/**",
					"$(PROJECT_DIR)/MADVCameraFramework/MADVCamera/libs",
					"$(PROJECT_DIR)/MADVCameraFramework/MADVCamera/ThirdParty/Bugly",
					"$(PROJECT_DIR)/MADVCameraFramework/MADVCamera/ThirdParty/UMSocial/googlelogin",
					"$(PROJECT_DIR)/MADVCameraFramework/MADVCamera/ThirdParty/UMSocial/SocialLibraries/Facebook",
					"$(PROJECT_DIR)/MADVCameraFramework/MADVCamera/ThirdParty/UMSocial/SocialLibraries/Twitter",
					"$(PROJECT_DIR)/MADVCameraFramework/MADVCamera/ThirdParty/UMSocial/UMSocialSDK",
					"$(PROJECT_DIR)/MADVCameraFramework/MADVCamera/ThirdParty/UMSocialAnalyics",
					"$(PROJECT_DIR)/MADVCameraFramework/MADVCamera/ThirdParty/XiaomiLogin",
					/usr/lib/libxml2.2.dylib,
				);
				GCC_PRECOMPILE_PREFIX_HEADER = YES;
				GCC_PREFIX_HEADER = MADVCameraFramework/MADVCamera/PrefixHeader.pch;
				GCC_PREPROCESSOR_DEFINITIONS = (
					"$(inherited)",
					"COCOAPODS=1",
					"MADVPANO_BY_SOURCE=1",
					"TARGET_DARWIN=1",
					"TARGET_DARWIN_IOS=1",
					"TARGET_OS_IOS=1",
				);
				HEADER_SEARCH_PATHS = (
					"$(inherited)",
					"\"${PODS_ROOT}/Headers/Public\"",
					"\"${PODS_ROOT}/Headers/Public/AFNetworking\"",
					"\"${PODS_ROOT}/Headers/Public/Realm\"",
					"$(SDKROOT)/usr/include/libxml2",
				);
				INFOPLIST_FILE = "CupixMADV360Demo_MADVPanoSource-Info.plist";
				IPHONEOS_DEPLOYMENT_TARGET = 9.0;
				LD_RUNPATH_SEARCH_PATHS = (
					"$(inherited)",
					"@executable_path/Frameworks",
				);
				LIBRARY_SEARCH_PATHS = (
					"$(inherited)",
					"$(PROJECT_DIR)/MADVPano/libjpegturbo/lib",
					"$(PROJECT_DIR)/MADVPano/libjpegturbo/lib/windows",
					"$(PROJECT_DIR)/MADVCameraFramework/MADVCamera/libs/FFmpeg",
					"$(PROJECT_DIR)/MADVCameraFramework/MADVCamera/ThirdParty",
					"$(PROJECT_DIR)/MADVCameraFramework/MADVCamera/ThirdParty/UMSocial/SocialLibraries/Facebook",
					"$(PROJECT_DIR)/MADVCameraFramework/MADVCamera/ThirdParty/UMSocial/SocialLibraries/GooglePlus",
					"$(PROJECT_DIR)/MADVCameraFramework/MADVCamera/ThirdParty/UMSocial/SocialLibraries/Line",
					"$(PROJECT_DIR)/MADVCameraFramework/MADVCamera/ThirdParty/UMSocial/SocialLibraries/QQ",
					"$(PROJECT_DIR)/MADVCameraFramework/MADVCamera/ThirdParty/UMSocial/SocialLibraries/Sina",
					"$(PROJECT_DIR)/MADVCameraFramework/MADVCamera/ThirdParty/UMSocial/SocialLibraries/Twitter",
					"$(PROJECT_DIR)/MADVCameraFramework/MADVCamera/ThirdParty/UMSocial/SocialLibraries/WeChat",
					"$(PROJECT_DIR)/MADVCameraFramework/MADVCamera/ThirdParty/UMSocial/UMSocialSDKPlugin",
				);
				PRODUCT_BUNDLE_IDENTIFIER = com.madv360.CupixMADV360Demo;
				PRODUCT_NAME = "$(TARGET_NAME)";
				SWIFT_OBJC_BRIDGING_HEADER = "CupixMADV360Demo/CupixMADV360Demo_MADVPanoSource-Bridging-Header.h";
				SWIFT_OPTIMIZATION_LEVEL = "-Onone";
				SWIFT_VERSION = 3.0;
				TARGETED_DEVICE_FAMILY = 1;
				USER_HEADER_SEARCH_PATHS = MADVCameraFramework/FFmpeg;
			};
			name = Debug;
		};
		BB6FF53E21072EA900CFC637 /* Release */ = {
			isa = XCBuildConfiguration;
			baseConfigurationReference = F29E21E31CD3D784F174A71F /* Pods-CupixMADV360Demo_MADVPanoSource.release.xcconfig */;
			buildSettings = {
				ALWAYS_SEARCH_USER_PATHS = YES;
				ASSETCATALOG_COMPILER_APPICON_NAME = AppIcon;
				CLANG_ENABLE_MODULES = YES;
				CODE_SIGN_ENTITLEMENTS = CupixMADV360Demo_MADVPanoSource.entitlements;
				CODE_SIGN_STYLE = Automatic;
				DEVELOPMENT_TEAM = QBAB3CS86A;
				ENABLE_BITCODE = NO;
				FRAMEWORK_SEARCH_PATHS = (
					"$(inherited)",
					"$(PROJECT_DIR)/**",
					"$(PROJECT_DIR)/MADVCameraFramework/MADVCamera/libs",
					"$(PROJECT_DIR)/MADVCameraFramework/MADVCamera/ThirdParty/Bugly",
					"$(PROJECT_DIR)/MADVCameraFramework/MADVCamera/ThirdParty/UMSocial/googlelogin",
					"$(PROJECT_DIR)/MADVCameraFramework/MADVCamera/ThirdParty/UMSocial/SocialLibraries/Facebook",
					"$(PROJECT_DIR)/MADVCameraFramework/MADVCamera/ThirdParty/UMSocial/SocialLibraries/Twitter",
					"$(PROJECT_DIR)/MADVCameraFramework/MADVCamera/ThirdParty/UMSocial/UMSocialSDK",
					"$(PROJECT_DIR)/MADVCameraFramework/MADVCamera/ThirdParty/UMSocialAnalyics",
					"$(PROJECT_DIR)/MADVCameraFramework/MADVCamera/ThirdParty/XiaomiLogin",
					/usr/lib/libxml2.2.dylib,
				);
				GCC_PRECOMPILE_PREFIX_HEADER = YES;
				GCC_PREFIX_HEADER = MADVCameraFramework/MADVCamera/PrefixHeader.pch;
				GCC_PREPROCESSOR_DEFINITIONS = (
					"$(inherited)",
					"COCOAPODS=1",
					"MADVPANO_BY_SOURCE=1",
					"TARGET_DARWIN=1",
					"TARGET_DARWIN_IOS=1",
					"TARGET_OS_IOS=1",
				);
				HEADER_SEARCH_PATHS = (
					"$(inherited)",
					"\"${PODS_ROOT}/Headers/Public\"",
					"\"${PODS_ROOT}/Headers/Public/AFNetworking\"",
					"\"${PODS_ROOT}/Headers/Public/Realm\"",
					"$(SDKROOT)/usr/include/libxml2",
				);
				INFOPLIST_FILE = "CupixMADV360Demo_MADVPanoSource-Info.plist";
				IPHONEOS_DEPLOYMENT_TARGET = 9.0;
				LD_RUNPATH_SEARCH_PATHS = (
					"$(inherited)",
					"@executable_path/Frameworks",
				);
				LIBRARY_SEARCH_PATHS = (
					"$(inherited)",
					"$(PROJECT_DIR)/MADVPano/libjpegturbo/lib",
					"$(PROJECT_DIR)/MADVPano/libjpegturbo/lib/windows",
					"$(PROJECT_DIR)/MADVCameraFramework/MADVCamera/libs/FFmpeg",
					"$(PROJECT_DIR)/MADVCameraFramework/MADVCamera/ThirdParty",
					"$(PROJECT_DIR)/MADVCameraFramework/MADVCamera/ThirdParty/UMSocial/SocialLibraries/Facebook",
					"$(PROJECT_DIR)/MADVCameraFramework/MADVCamera/ThirdParty/UMSocial/SocialLibraries/GooglePlus",
					"$(PROJECT_DIR)/MADVCameraFramework/MADVCamera/ThirdParty/UMSocial/SocialLibraries/Line",
					"$(PROJECT_DIR)/MADVCameraFramework/MADVCamera/ThirdParty/UMSocial/SocialLibraries/QQ",
					"$(PROJECT_DIR)/MADVCameraFramework/MADVCamera/ThirdParty/UMSocial/SocialLibraries/Sina",
					"$(PROJECT_DIR)/MADVCameraFramework/MADVCamera/ThirdParty/UMSocial/SocialLibraries/Twitter",
					"$(PROJECT_DIR)/MADVCameraFramework/MADVCamera/ThirdParty/UMSocial/SocialLibraries/WeChat",
					"$(PROJECT_DIR)/MADVCameraFramework/MADVCamera/ThirdParty/UMSocial/UMSocialSDKPlugin",
				);
				PRODUCT_BUNDLE_IDENTIFIER = com.madv360.CupixMADV360Demo;
				PRODUCT_NAME = "$(TARGET_NAME)";
				SWIFT_OBJC_BRIDGING_HEADER = "CupixMADV360Demo/CupixMADV360Demo_MADVPanoSource-Bridging-Header.h";
				SWIFT_VERSION = 3.0;
				TARGETED_DEVICE_FAMILY = 1;
				USER_HEADER_SEARCH_PATHS = MADVCameraFramework/FFmpeg;
			};
			name = Release;
		};
		BB8489922150A56400511AE6 /* Debug */ = {
			isa = XCBuildConfiguration;
			baseConfigurationReference = 8BDBA4859DB4DEBC765D3F79 /* Pods-CupixMADV360Demo.debug.xcconfig */;
			buildSettings = {
				ALWAYS_SEARCH_USER_PATHS = YES;
				ASSETCATALOG_COMPILER_APPICON_NAME = AppIcon;
				CLANG_ENABLE_MODULES = YES;
				CODE_SIGN_ENTITLEMENTS = CupixMADV360Demo_Swift.entitlements;
				CODE_SIGN_STYLE = Automatic;
				DEBUG_INFORMATION_FORMAT = "dwarf-with-dsym";
				DEVELOPMENT_TEAM = QBAB3CS86A;
				ENABLE_BITCODE = NO;
				FRAMEWORK_SEARCH_PATHS = (
					"$(inherited)",
					"$(PROJECT_DIR)/**",
					"$(PROJECT_DIR)",
				);
				GCC_PRECOMPILE_PREFIX_HEADER = YES;
				GCC_PREPROCESSOR_DEFINITIONS = (
					"$(inherited)",
					"COCOAPODS=1",
				);
				HEADER_SEARCH_PATHS = (
					"$(inherited)",
					"\"${PODS_ROOT}/Headers/Public\"",
					"\"${PODS_ROOT}/Headers/Public/AFNetworking\"",
					"\"${PODS_ROOT}/Headers/Public/Realm\"",
					"$(PROJECT_DIR)/MADVCamera.framework/Headers",
					"$(PROJECT_DIR)/MADVPano.framework/Headers",
				);
				INFOPLIST_FILE = "CupixMADV360Demo_Swift-Info.plist";
				IPHONEOS_DEPLOYMENT_TARGET = 9.0;
				LD_RUNPATH_SEARCH_PATHS = (
					"$(inherited)",
					"@executable_path/Frameworks",
				);
				PRODUCT_BUNDLE_IDENTIFIER = com.madv360.CupixMADV360Demo;
				PRODUCT_NAME = "$(TARGET_NAME)";
				SWIFT_OBJC_BRIDGING_HEADER = "CupixMADV360Demo/CupixMADV360Demo-Bridging-Header.h";
				SWIFT_OPTIMIZATION_LEVEL = "-Onone";
				SWIFT_VERSION = 4.0;
				TARGETED_DEVICE_FAMILY = 1;
			};
			name = Debug;
		};
		BB8489932150A56400511AE6 /* Release */ = {
			isa = XCBuildConfiguration;
			baseConfigurationReference = 0249543071E449CBBAD1A5E9 /* Pods-CupixMADV360Demo.release.xcconfig */;
			buildSettings = {
				ALWAYS_SEARCH_USER_PATHS = YES;
				ASSETCATALOG_COMPILER_APPICON_NAME = AppIcon;
				CLANG_ENABLE_MODULES = YES;
				CODE_SIGN_ENTITLEMENTS = CupixMADV360Demo_Swift.entitlements;
				CODE_SIGN_STYLE = Automatic;
				DEVELOPMENT_TEAM = QBAB3CS86A;
				ENABLE_BITCODE = NO;
				FRAMEWORK_SEARCH_PATHS = (
					"$(inherited)",
					"$(PROJECT_DIR)/**",
					"$(PROJECT_DIR)",
				);
				GCC_PRECOMPILE_PREFIX_HEADER = YES;
				GCC_PREPROCESSOR_DEFINITIONS = (
					"$(inherited)",
					"COCOAPODS=1",
				);
				HEADER_SEARCH_PATHS = (
					"$(inherited)",
					"\"${PODS_ROOT}/Headers/Public\"",
					"\"${PODS_ROOT}/Headers/Public/AFNetworking\"",
					"\"${PODS_ROOT}/Headers/Public/Realm\"",
					"$(PROJECT_DIR)/MADVCamera.framework/Headers",
					"$(PROJECT_DIR)/MADVPano.framework/Headers",
				);
				INFOPLIST_FILE = "CupixMADV360Demo_Swift-Info.plist";
				IPHONEOS_DEPLOYMENT_TARGET = 9.0;
				LD_RUNPATH_SEARCH_PATHS = (
					"$(inherited)",
					"@executable_path/Frameworks",
				);
				PRODUCT_BUNDLE_IDENTIFIER = com.madv360.CupixMADV360Demo;
				PRODUCT_NAME = "$(TARGET_NAME)";
				SWIFT_OBJC_BRIDGING_HEADER = "CupixMADV360Demo/CupixMADV360Demo-Bridging-Header.h";
				SWIFT_VERSION = 4.0;
				TARGETED_DEVICE_FAMILY = 1;
			};
			name = Release;
		};
/* End XCBuildConfiguration section */

/* Begin XCConfigurationList section */
		BB39149220E21D0E00DC185D /* Build configuration list for PBXProject "CupixMADV360Demo" */ = {
			isa = XCConfigurationList;
			buildConfigurations = (
				BB3914AE20E21D1100DC185D /* Debug */,
				BB3914AF20E21D1100DC185D /* Release */,
			);
			defaultConfigurationIsVisible = 0;
			defaultConfigurationName = Release;
		};
		BB3914B020E21D1100DC185D /* Build configuration list for PBXNativeTarget "CupixMADV360Demo" */ = {
			isa = XCConfigurationList;
			buildConfigurations = (
				BB3914B120E21D1100DC185D /* Debug */,
				BB3914B220E21D1100DC185D /* Release */,
			);
			defaultConfigurationIsVisible = 0;
			defaultConfigurationName = Release;
		};
		BB6FF53C21072EA900CFC637 /* Build configuration list for PBXNativeTarget "CupixMADV360Demo_MADVPanoSource" */ = {
			isa = XCConfigurationList;
			buildConfigurations = (
				BB6FF53D21072EA900CFC637 /* Debug */,
				BB6FF53E21072EA900CFC637 /* Release */,
			);
			defaultConfigurationIsVisible = 0;
			defaultConfigurationName = Release;
		};
		BB8489912150A56400511AE6 /* Build configuration list for PBXNativeTarget "CupixMADV360Demo_Swift" */ = {
			isa = XCConfigurationList;
			buildConfigurations = (
				BB8489922150A56400511AE6 /* Debug */,
				BB8489932150A56400511AE6 /* Release */,
			);
			defaultConfigurationIsVisible = 0;
			defaultConfigurationName = Release;
		};
/* End XCConfigurationList section */
	};
	rootObject = BB39148F20E21D0E00DC185D /* Project object */;
}
